Microsoft Visual Studio Solution File, Format Version 12.00
# Visual Studio Version 17
VisualStudioVersion = 17.5.2.0
MinimumVisualStudioVersion = 10.0.40219.1
Project("{FAE04EC0-301F-11D3-BF4B-00C04F79EFBC}") = "cs_for_beginners", "cs_for_beginners\cs_for_beginners.csproj", "{018B86BD-14FD-6E26-5E22-DBDBB6E5A8EC}"
EndProject
Global
	GlobalSection(SolutionConfigurationPlatforms) = preSolution
		Debug|Any CPU = Debug|Any CPU
		Release|Any CPU = Release|Any CPU
	EndGlobalSection
	GlobalSection(ProjectConfigurationPlatforms) = postSolution
		{018B86BD-14FD-6E26-5E22-DBDBB6E5A8EC}.Debug|Any CPU.ActiveCfg = Debug|Any CPU
		{018B86BD-14FD-6E26-5E22-DBDBB6E5A8EC}.Debug|Any CPU.Build.0 = Debug|Any CPU
		{018B86BD-14FD-6E26-5E22-DBDBB6E5A8EC}.Release|Any CPU.ActiveCfg = Release|Any CPU
		{018B86BD-14FD-6E26-5E22-DBDBB6E5A8EC}.Release|Any CPU.Build.0 = Release|Any CPU
	EndGlobalSection
	GlobalSection(SolutionProperties) = preSolution
		HideSolutionNode = FALSE
	EndGlobalSection
	GlobalSection(ExtensibilityGlobals) = postSolution
		SolutionGuid = {F2C46F71-4102-4ECA-B717-811D6E8DF633}
	EndGlobalSection
EndGlobal
